
Microsoft Visual Studio Solution File, Format Version 12.00
# Visual Studio Version 16
VisualStudioVersion = 16.0.29806.167
MinimumVisualStudioVersion = 10.0.40219.1
Project("{9A19103F-16F7-4668-BE54-9A1E7A4F7556}") = "EVotingSystem.UI", "EVotingSystem.UI\EVotingSystem.UI.csproj", "{1C17300D-21EE-47A8-9424-51387122ED55}"
EndProject
Project("{9A19103F-16F7-4668-BE54-9A1E7A4F7556}") = "EVotingSystem.Application", "EVotingSystem.Application\EVotingSystem.Application.csproj", "{C9595005-7EE2-4A10-A3A2-29CB54E09223}"
EndProject
Project("{9A19103F-16F7-4668-BE54-9A1E7A4F7556}") = "EVotingSystem.Blockchain", "EVotingSystem.Blockchain\EVotingSystem.Blockchain.csproj", "{2C4650BD-2C77-42AD-B06D-6C11830F202F}"
EndProject
Project("{9A19103F-16F7-4668-BE54-9A1E7A4F7556}") = "Wallet", "Wallet\Wallet.csproj", "{57E3F2BA-9050-443C-BAF2-0C0062F3D6A5}"
EndProject
Project("{9A19103F-16F7-4668-BE54-9A1E7A4F7556}") = "Nodes", "Nodes\Nodes.csproj", "{23C59142-5A2F-44ED-88C6-D4B8C349D7A0}"
EndProject
Project("{FAE04EC0-301F-11D3-BF4B-00C04F79EFBC}") = "Wallet.Services", "Wallet.Services\Wallet.Services.csproj", "{C3B164DA-15C3-47ED-81C0-93D502E3C830}"
EndProject
Project("{FAE04EC0-301F-11D3-BF4B-00C04F79EFBC}") = "Wallet.PrivateApplication", "Wallet.PrivateApplication\Wallet.PrivateApplication.csproj", "{4FA63832-FEA6-436B-A831-EF70E388E691}"
EndProject
Global
	GlobalSection(SolutionConfigurationPlatforms) = preSolution
		Debug|Any CPU = Debug|Any CPU
		Release|Any CPU = Release|Any CPU
	EndGlobalSection
	GlobalSection(ProjectConfigurationPlatforms) = postSolution
		{1C17300D-21EE-47A8-9424-51387122ED55}.Debug|Any CPU.ActiveCfg = Debug|Any CPU
		{1C17300D-21EE-47A8-9424-51387122ED55}.Debug|Any CPU.Build.0 = Debug|Any CPU
		{1C17300D-21EE-47A8-9424-51387122ED55}.Release|Any CPU.ActiveCfg = Release|Any CPU
		{1C17300D-21EE-47A8-9424-51387122ED55}.Release|Any CPU.Build.0 = Release|Any CPU
		{C9595005-7EE2-4A10-A3A2-29CB54E09223}.Debug|Any CPU.ActiveCfg = Debug|Any CPU
		{C9595005-7EE2-4A10-A3A2-29CB54E09223}.Debug|Any CPU.Build.0 = Debug|Any CPU
		{C9595005-7EE2-4A10-A3A2-29CB54E09223}.Release|Any CPU.ActiveCfg = Release|Any CPU
		{C9595005-7EE2-4A10-A3A2-29CB54E09223}.Release|Any CPU.Build.0 = Release|Any CPU
		{2C4650BD-2C77-42AD-B06D-6C11830F202F}.Debug|Any CPU.ActiveCfg = Debug|Any CPU
		{2C4650BD-2C77-42AD-B06D-6C11830F202F}.Debug|Any CPU.Build.0 = Debug|Any CPU
		{2C4650BD-2C77-42AD-B06D-6C11830F202F}.Release|Any CPU.ActiveCfg = Release|Any CPU
		{2C4650BD-2C77-42AD-B06D-6C11830F202F}.Release|Any CPU.Build.0 = Release|Any CPU
		{57E3F2BA-9050-443C-BAF2-0C0062F3D6A5}.Debug|Any CPU.ActiveCfg = Debug|Any CPU
		{57E3F2BA-9050-443C-BAF2-0C0062F3D6A5}.Debug|Any CPU.Build.0 = Debug|Any CPU
		{57E3F2BA-9050-443C-BAF2-0C0062F3D6A5}.Release|Any CPU.ActiveCfg = Release|Any CPU
		{57E3F2BA-9050-443C-BAF2-0C0062F3D6A5}.Release|Any CPU.Build.0 = Release|Any CPU
		{23C59142-5A2F-44ED-88C6-D4B8C349D7A0}.Debug|Any CPU.ActiveCfg = Debug|Any CPU
		{23C59142-5A2F-44ED-88C6-D4B8C349D7A0}.Debug|Any CPU.Build.0 = Debug|Any CPU
		{23C59142-5A2F-44ED-88C6-D4B8C349D7A0}.Release|Any CPU.ActiveCfg = Release|Any CPU
		{23C59142-5A2F-44ED-88C6-D4B8C349D7A0}.Release|Any CPU.Build.0 = Release|Any CPU
		{C3B164DA-15C3-47ED-81C0-93D502E3C830}.Debug|Any CPU.ActiveCfg = Debug|Any CPU
		{C3B164DA-15C3-47ED-81C0-93D502E3C830}.Debug|Any CPU.Build.0 = Debug|Any CPU
		{C3B164DA-15C3-47ED-81C0-93D502E3C830}.Release|Any CPU.ActiveCfg = Release|Any CPU
		{C3B164DA-15C3-47ED-81C0-93D502E3C830}.Release|Any CPU.Build.0 = Release|Any CPU
		{4FA63832-FEA6-436B-A831-EF70E388E691}.Debug|Any CPU.ActiveCfg = Debug|Any CPU
		{4FA63832-FEA6-436B-A831-EF70E388E691}.Debug|Any CPU.Build.0 = Debug|Any CPU
		{4FA63832-FEA6-436B-A831-EF70E388E691}.Release|Any CPU.ActiveCfg = Release|Any CPU
		{4FA63832-FEA6-436B-A831-EF70E388E691}.Release|Any CPU.Build.0 = Release|Any CPU
	EndGlobalSection
	GlobalSection(SolutionProperties) = preSolution
		HideSolutionNode = FALSE
	EndGlobalSection
	GlobalSection(ExtensibilityGlobals) = postSolution
		SolutionGuid = {629CCCFA-A3B9-4F85-B4D7-277C34278C8C}
	EndGlobalSection
EndGlobal
